
Microsoft Visual Studio Solution File, Format Version 12.00
# Visual Studio 15
VisualStudioVersion = 15.0.27428.2027
MinimumVisualStudioVersion = 10.0.40219.1
Project("{888888A0-9F3D-457C-B088-3A5042F75D52}") = "avatar", "avatar.pyproj", "{ED9681E3-1379-4946-90FA-2F7E640C7F43}"
EndProject
Global
	GlobalSection(SolutionConfigurationPlatforms) = preSolution
		Debug|Any CPU = Debug|Any CPU
		Release|Any CPU = Release|Any CPU
	EndGlobalSection
	GlobalSection(ProjectConfigurationPlatforms) = postSolution
		{ED9681E3-1379-4946-90FA-2F7E640C7F43}.Debug|Any CPU.ActiveCfg = Debug|Any CPU
		{ED9681E3-1379-4946-90FA-2F7E640C7F43}.Release|Any CPU.ActiveCfg = Release|Any CPU
	EndGlobalSection
	GlobalSection(SolutionProperties) = preSolution
		HideSolutionNode = FALSE
	EndGlobalSection
	GlobalSection(ExtensibilityGlobals) = postSolution
		SolutionGuid = {50763471-F14E-4D97-8701-A7EA907E3631}
	EndGlobalSection
EndGlobal
